
Microsoft Visual Studio Solution File, Format Version 12.00
# Visual Studio Version 17
VisualStudioVersion = 17.3.32929.385
MinimumVisualStudioVersion = 10.0.40219.1
Project("{FAE04EC0-301F-11D3-BF4B-00C04F79EFBC}") = "PreobrazuvaneOt10KumNBroinaSistema", "PreobrazuvaneOt10KumNBroinaSistema\PreobrazuvaneOt10KumNBroinaSistema.csproj", "{51E8489E-D09B-4AD7-92A2-2A8B3AD91CE0}"
EndProject
Project("{FAE04EC0-301F-11D3-BF4B-00C04F79EFBC}") = "PreobrazuvaneOtNKum10BroinaSistema", "PreobrazuvaneOtNKum10BroinaSistema\PreobrazuvaneOtNKum10BroinaSistema.csproj", "{11D4CDAF-88AA-4A46-87D0-CC07EA5824F0}"
EndProject
Project("{FAE04EC0-301F-11D3-BF4B-00C04F79EFBC}") = "ObryshtaneNaNiz", "ObryshtaneNaNiz\ObryshtaneNaNiz.csproj", "{5660A37C-D7D6-4372-B92F-496B02F44A17}"
EndProject
Project("{FAE04EC0-301F-11D3-BF4B-00C04F79EFBC}") = "UmnojavaneNaSimvolniKodove", "UmnojavaneNaSimvolniKodove\UmnojavaneNaSimvolniKodove.csproj", "{DC7E413D-2F9E-41CC-B250-4CACB0DB67E6}"
EndProject
Project("{FAE04EC0-301F-11D3-BF4B-00C04F79EFBC}") = "Palindrom", "Palindrom\Palindrom.csproj", "{A4A147B3-2B77-4DFE-9598-7977A3B090EF}"
EndProject
Global
	GlobalSection(SolutionConfigurationPlatforms) = preSolution
		Debug|Any CPU = Debug|Any CPU
		Release|Any CPU = Release|Any CPU
	EndGlobalSection
	GlobalSection(ProjectConfigurationPlatforms) = postSolution
		{51E8489E-D09B-4AD7-92A2-2A8B3AD91CE0}.Debug|Any CPU.ActiveCfg = Debug|Any CPU
		{51E8489E-D09B-4AD7-92A2-2A8B3AD91CE0}.Debug|Any CPU.Build.0 = Debug|Any CPU
		{51E8489E-D09B-4AD7-92A2-2A8B3AD91CE0}.Release|Any CPU.ActiveCfg = Release|Any CPU
		{51E8489E-D09B-4AD7-92A2-2A8B3AD91CE0}.Release|Any CPU.Build.0 = Release|Any CPU
		{11D4CDAF-88AA-4A46-87D0-CC07EA5824F0}.Debug|Any CPU.ActiveCfg = Debug|Any CPU
		{11D4CDAF-88AA-4A46-87D0-CC07EA5824F0}.Debug|Any CPU.Build.0 = Debug|Any CPU
		{11D4CDAF-88AA-4A46-87D0-CC07EA5824F0}.Release|Any CPU.ActiveCfg = Release|Any CPU
		{11D4CDAF-88AA-4A46-87D0-CC07EA5824F0}.Release|Any CPU.Build.0 = Release|Any CPU
		{5660A37C-D7D6-4372-B92F-496B02F44A17}.Debug|Any CPU.ActiveCfg = Debug|Any CPU
		{5660A37C-D7D6-4372-B92F-496B02F44A17}.Debug|Any CPU.Build.0 = Debug|Any CPU
		{5660A37C-D7D6-4372-B92F-496B02F44A17}.Release|Any CPU.ActiveCfg = Release|Any CPU
		{5660A37C-D7D6-4372-B92F-496B02F44A17}.Release|Any CPU.Build.0 = Release|Any CPU
		{DC7E413D-2F9E-41CC-B250-4CACB0DB67E6}.Debug|Any CPU.ActiveCfg = Debug|Any CPU
		{DC7E413D-2F9E-41CC-B250-4CACB0DB67E6}.Debug|Any CPU.Build.0 = Debug|Any CPU
		{DC7E413D-2F9E-41CC-B250-4CACB0DB67E6}.Release|Any CPU.ActiveCfg = Release|Any CPU
		{DC7E413D-2F9E-41CC-B250-4CACB0DB67E6}.Release|Any CPU.Build.0 = Release|Any CPU
		{A4A147B3-2B77-4DFE-9598-7977A3B090EF}.Debug|Any CPU.ActiveCfg = Debug|Any CPU
		{A4A147B3-2B77-4DFE-9598-7977A3B090EF}.Debug|Any CPU.Build.0 = Debug|Any CPU
		{A4A147B3-2B77-4DFE-9598-7977A3B090EF}.Release|Any CPU.ActiveCfg = Release|Any CPU
		{A4A147B3-2B77-4DFE-9598-7977A3B090EF}.Release|Any CPU.Build.0 = Release|Any CPU
	EndGlobalSection
	GlobalSection(SolutionProperties) = preSolution
		HideSolutionNode = FALSE
	EndGlobalSection
	GlobalSection(ExtensibilityGlobals) = postSolution
		SolutionGuid = {BB1B08B0-1426-46F5-9137-99281BB8DCBB}
	EndGlobalSection
EndGlobal
